
Microsoft Visual Studio Solution File, Format Version 12.00
# Visual Studio Version 17
VisualStudioVersion = 17.9.34607.119
MinimumVisualStudioVersion = 10.0.40219.1
Project("{2150E333-8FDC-42A3-9474-1A3956D46DE8}") = "src", "src", "{C81615F4-A769-48CF-83C4-B1B7D2489DE3}"
EndProject
Project("{2150E333-8FDC-42A3-9474-1A3956D46DE8}") = "tests", "tests", "{ACB10AEE-F669-48CB-BEC1-22CE83DFEC9B}"
EndProject
Project("{FAE04EC0-301F-11D3-BF4B-00C04F79EFBC}") = "RocketseatAuction.API", "src\RocketseatAuction.API\RocketseatAuction.API.csproj", "{D5D5D169-F916-457A-9887-893A0DB3CCAC}"
EndProject
Global
	GlobalSection(SolutionConfigurationPlatforms) = preSolution
		Debug|Any CPU = Debug|Any CPU
		Release|Any CPU = Release|Any CPU
	EndGlobalSection
	GlobalSection(ProjectConfigurationPlatforms) = postSolution
		{D5D5D169-F916-457A-9887-893A0DB3CCAC}.Debug|Any CPU.ActiveCfg = Debug|Any CPU
		{D5D5D169-F916-457A-9887-893A0DB3CCAC}.Debug|Any CPU.Build.0 = Debug|Any CPU
		{D5D5D169-F916-457A-9887-893A0DB3CCAC}.Release|Any CPU.ActiveCfg = Release|Any CPU
		{D5D5D169-F916-457A-9887-893A0DB3CCAC}.Release|Any CPU.Build.0 = Release|Any CPU
	EndGlobalSection
	GlobalSection(SolutionProperties) = preSolution
		HideSolutionNode = FALSE
	EndGlobalSection
	GlobalSection(NestedProjects) = preSolution
		{D5D5D169-F916-457A-9887-893A0DB3CCAC} = {C81615F4-A769-48CF-83C4-B1B7D2489DE3}
	EndGlobalSection
	GlobalSection(ExtensibilityGlobals) = postSolution
		SolutionGuid = {D45A2861-EBF2-4D78-B08A-155FB6E960AA}
	EndGlobalSection
EndGlobal
